
Microsoft Visual Studio Solution File, Format Version 12.00
# Visual Studio 15
VisualStudioVersion = 15.0.26403.7
MinimumVisualStudioVersion = 10.0.40219.1
Project("{8BC9CEB8-8B4A-11D0-8D11-00A0C91BC942}") = "Lesson4_2", "Lesson4_2\Lesson4_2.vcxproj", "{855B8A67-CF98-43E6-8014-8A827EFE2C46}"
EndProject
Global
	GlobalSection(SolutionConfigurationPlatforms) = preSolution
		Debug|x64 = Debug|x64
		Debug|x86 = Debug|x86
		Release|x64 = Release|x64
		Release|x86 = Release|x86
	EndGlobalSection
	GlobalSection(ProjectConfigurationPlatforms) = postSolution
		{855B8A67-CF98-43E6-8014-8A827EFE2C46}.Debug|x64.ActiveCfg = Debug|x64
		{855B8A67-CF98-43E6-8014-8A827EFE2C46}.Debug|x64.Build.0 = Debug|x64
		{855B8A67-CF98-43E6-8014-8A827EFE2C46}.Debug|x86.ActiveCfg = Debug|Win32
		{855B8A67-CF98-43E6-8014-8A827EFE2C46}.Debug|x86.Build.0 = Debug|Win32
		{855B8A67-CF98-43E6-8014-8A827EFE2C46}.Release|x64.ActiveCfg = Release|x64
		{855B8A67-CF98-43E6-8014-8A827EFE2C46}.Release|x64.Build.0 = Release|x64
		{855B8A67-CF98-43E6-8014-8A827EFE2C46}.Release|x86.ActiveCfg = Release|Win32
		{855B8A67-CF98-43E6-8014-8A827EFE2C46}.Release|x86.Build.0 = Release|Win32
	EndGlobalSection
	GlobalSection(SolutionProperties) = preSolution
		HideSolutionNode = FALSE
	EndGlobalSection
EndGlobal
